
Microsoft Visual Studio Solution File, Format Version 12.00
# Visual Studio Version 17
VisualStudioVersion = 17.7.34221.43
MinimumVisualStudioVersion = 10.0.40219.1
Project("{FAE04EC0-301F-11D3-BF4B-00C04F79EFBC}") = "UsuariosApi", "UsuariosApi\UsuariosApi.csproj", "{B8C2766C-0421-43B7-A095-5FA2A3E59CF3}"
EndProject
Global
	GlobalSection(SolutionConfigurationPlatforms) = preSolution
		Debug|Any CPU = Debug|Any CPU
		Release|Any CPU = Release|Any CPU
	EndGlobalSection
	GlobalSection(ProjectConfigurationPlatforms) = postSolution
		{B8C2766C-0421-43B7-A095-5FA2A3E59CF3}.Debug|Any CPU.ActiveCfg = Debug|Any CPU
		{B8C2766C-0421-43B7-A095-5FA2A3E59CF3}.Debug|Any CPU.Build.0 = Debug|Any CPU
		{B8C2766C-0421-43B7-A095-5FA2A3E59CF3}.Release|Any CPU.ActiveCfg = Release|Any CPU
		{B8C2766C-0421-43B7-A095-5FA2A3E59CF3}.Release|Any CPU.Build.0 = Release|Any CPU
	EndGlobalSection
	GlobalSection(SolutionProperties) = preSolution
		HideSolutionNode = FALSE
	EndGlobalSection
	GlobalSection(ExtensibilityGlobals) = postSolution
		SolutionGuid = {361F0866-D693-47B7-A061-F6343CE09C0C}
	EndGlobalSection
EndGlobal
